
Microsoft Visual Studio Solution File, Format Version 12.00
# Visual Studio 15
Project("{FAE04EC0-301F-11D3-BF4B-00C04F79EFBC}") = "Calculator.Service", "Calculator.Service\Calculator.Service.csproj", "{8F360C17-7AFD-4D53-983C-10D6E6EB27E5}"
EndProject
Project("{FAE04EC0-301F-11D3-BF4B-00C04F79EFBC}") = "Calculator.Business", "Calculator.Business\Calculator.Business.csproj", "{BBB98B33-853E-4A57-B822-22211017AFD3}"
EndProject
Global
	GlobalSection(SolutionConfigurationPlatforms) = preSolution
		Debug|Any CPU = Debug|Any CPU
		Release|Any CPU = Release|Any CPU
	EndGlobalSection
	GlobalSection(ProjectConfigurationPlatforms) = postSolution
		{8F360C17-7AFD-4D53-983C-10D6E6EB27E5}.Debug|Any CPU.ActiveCfg = Debug|Any CPU
		{8F360C17-7AFD-4D53-983C-10D6E6EB27E5}.Debug|Any CPU.Build.0 = Debug|Any CPU
		{8F360C17-7AFD-4D53-983C-10D6E6EB27E5}.Release|Any CPU.ActiveCfg = Release|Any CPU
		{8F360C17-7AFD-4D53-983C-10D6E6EB27E5}.Release|Any CPU.Build.0 = Release|Any CPU
		{BBB98B33-853E-4A57-B822-22211017AFD3}.Debug|Any CPU.ActiveCfg = Debug|Any CPU
		{BBB98B33-853E-4A57-B822-22211017AFD3}.Debug|Any CPU.Build.0 = Debug|Any CPU
		{BBB98B33-853E-4A57-B822-22211017AFD3}.Release|Any CPU.ActiveCfg = Release|Any CPU
		{BBB98B33-853E-4A57-B822-22211017AFD3}.Release|Any CPU.Build.0 = Release|Any CPU
	EndGlobalSection
EndGlobal
